
Microsoft Visual Studio Solution File, Format Version 12.00
# Visual Studio Version 17
VisualStudioVersion = 17.5.33424.131
MinimumVisualStudioVersion = 10.0.40219.1
Project("{2150E333-8FDC-42A3-9474-1A3956D46DE8}") = "src", "src", "{D15002FA-D77D-4567-8D21-223BE920BDFE}"
EndProject
Project("{2150E333-8FDC-42A3-9474-1A3956D46DE8}") = "test", "test", "{5343B8A9-98DC-4D95-9B5A-E6D5DFA20BE6}"
EndProject
Project("{2150E333-8FDC-42A3-9474-1A3956D46DE8}") = "API", "API", "{20A22A77-220E-49B2-949F-F9A7C7279E0F}"
EndProject
Project("{2150E333-8FDC-42A3-9474-1A3956D46DE8}") = "Dominio", "Dominio", "{8C00C670-AB7B-4D2A-BACC-A304D3904AB2}"
EndProject
Project("{2150E333-8FDC-42A3-9474-1A3956D46DE8}") = "Infraestructura", "Infraestructura", "{A9055150-1154-49A0-9F26-1DDA5F0ED6CE}"
EndProject
Project("{2150E333-8FDC-42A3-9474-1A3956D46DE8}") = "Dominio", "Dominio", "{5964A1CF-AE84-41CE-8189-DCD22F1D3A7A}"
EndProject
Project("{2150E333-8FDC-42A3-9474-1A3956D46DE8}") = "Infraestructura", "Infraestructura", "{1DB76C77-EE17-4643-AD99-001EE728E8CC}"
EndProject
Project("{FAE04EC0-301F-11D3-BF4B-00C04F79EFBC}") = "Dapper.Api", "Dapper.Api\Dapper.Api.csproj", "{A6943B56-0402-4F0A-BFE5-8A8D00C39473}"
EndProject
Project("{FAE04EC0-301F-11D3-BF4B-00C04F79EFBC}") = "Dapper.Dominio", "Dapper.Dominio\Dapper.Dominio.csproj", "{5A5672C2-FA76-4E25-BA85-65134CD04B4B}"
EndProject
Project("{FAE04EC0-301F-11D3-BF4B-00C04F79EFBC}") = "Dapper.CasoDeUso", "Dapper.CasoDeUso\Dapper.CasoDeUso.csproj", "{5CCB193F-4BC1-4994-AEB1-33FB87031968}"
EndProject
Project("{FAE04EC0-301F-11D3-BF4B-00C04F79EFBC}") = "Dapper.Infraestructura", "Dapper.Infraestructura\Dapper.Infraestructura.csproj", "{B971ABDA-7456-402D-B838-A658B6F4F4B5}"
EndProject
Global
	GlobalSection(SolutionConfigurationPlatforms) = preSolution
		Debug|Any CPU = Debug|Any CPU
		Release|Any CPU = Release|Any CPU
	EndGlobalSection
	GlobalSection(ProjectConfigurationPlatforms) = postSolution
		{A6943B56-0402-4F0A-BFE5-8A8D00C39473}.Debug|Any CPU.ActiveCfg = Debug|Any CPU
		{A6943B56-0402-4F0A-BFE5-8A8D00C39473}.Debug|Any CPU.Build.0 = Debug|Any CPU
		{A6943B56-0402-4F0A-BFE5-8A8D00C39473}.Release|Any CPU.ActiveCfg = Release|Any CPU
		{A6943B56-0402-4F0A-BFE5-8A8D00C39473}.Release|Any CPU.Build.0 = Release|Any CPU
		{5A5672C2-FA76-4E25-BA85-65134CD04B4B}.Debug|Any CPU.ActiveCfg = Debug|Any CPU
		{5A5672C2-FA76-4E25-BA85-65134CD04B4B}.Debug|Any CPU.Build.0 = Debug|Any CPU
		{5A5672C2-FA76-4E25-BA85-65134CD04B4B}.Release|Any CPU.ActiveCfg = Release|Any CPU
		{5A5672C2-FA76-4E25-BA85-65134CD04B4B}.Release|Any CPU.Build.0 = Release|Any CPU
		{5CCB193F-4BC1-4994-AEB1-33FB87031968}.Debug|Any CPU.ActiveCfg = Debug|Any CPU
		{5CCB193F-4BC1-4994-AEB1-33FB87031968}.Debug|Any CPU.Build.0 = Debug|Any CPU
		{5CCB193F-4BC1-4994-AEB1-33FB87031968}.Release|Any CPU.ActiveCfg = Release|Any CPU
		{5CCB193F-4BC1-4994-AEB1-33FB87031968}.Release|Any CPU.Build.0 = Release|Any CPU
		{B971ABDA-7456-402D-B838-A658B6F4F4B5}.Debug|Any CPU.ActiveCfg = Debug|Any CPU
		{B971ABDA-7456-402D-B838-A658B6F4F4B5}.Debug|Any CPU.Build.0 = Debug|Any CPU
		{B971ABDA-7456-402D-B838-A658B6F4F4B5}.Release|Any CPU.ActiveCfg = Release|Any CPU
		{B971ABDA-7456-402D-B838-A658B6F4F4B5}.Release|Any CPU.Build.0 = Release|Any CPU
	EndGlobalSection
	GlobalSection(SolutionProperties) = preSolution
		HideSolutionNode = FALSE
	EndGlobalSection
	GlobalSection(NestedProjects) = preSolution
		{20A22A77-220E-49B2-949F-F9A7C7279E0F} = {D15002FA-D77D-4567-8D21-223BE920BDFE}
		{8C00C670-AB7B-4D2A-BACC-A304D3904AB2} = {D15002FA-D77D-4567-8D21-223BE920BDFE}
		{A9055150-1154-49A0-9F26-1DDA5F0ED6CE} = {D15002FA-D77D-4567-8D21-223BE920BDFE}
		{5964A1CF-AE84-41CE-8189-DCD22F1D3A7A} = {5343B8A9-98DC-4D95-9B5A-E6D5DFA20BE6}
		{1DB76C77-EE17-4643-AD99-001EE728E8CC} = {5343B8A9-98DC-4D95-9B5A-E6D5DFA20BE6}
		{A6943B56-0402-4F0A-BFE5-8A8D00C39473} = {20A22A77-220E-49B2-949F-F9A7C7279E0F}
		{5A5672C2-FA76-4E25-BA85-65134CD04B4B} = {8C00C670-AB7B-4D2A-BACC-A304D3904AB2}
		{5CCB193F-4BC1-4994-AEB1-33FB87031968} = {8C00C670-AB7B-4D2A-BACC-A304D3904AB2}
		{B971ABDA-7456-402D-B838-A658B6F4F4B5} = {A9055150-1154-49A0-9F26-1DDA5F0ED6CE}
	EndGlobalSection
	GlobalSection(ExtensibilityGlobals) = postSolution
		SolutionGuid = {8108F946-0D7B-443D-8600-222AC6A55E8A}
	EndGlobalSection
EndGlobal
